// !$*UTF8*$!
{
	archiveVersion = 1;
	classes = {
	};
	objectVersion = 48;
	objects = {

/* Begin PBXBuildFile section */
		1608C9D020C7B13500CD068A /* TestView.xib in Resources */ = {isa = PBXBuildFile; fileRef = 1608C9CF20C7B13500CD068A /* TestView.xib */; };
		1608C9D520C7CA8800CD068A /* TestView.m in Sources */ = {isa = PBXBuildFile; fileRef = 1608C9D420C7CA8800CD068A /* TestView.m */; };
		1608C9D720C7CDC400CD068A /* TextLabel.xib in Resources */ = {isa = PBXBuildFile; fileRef = 1608C9D620C7CDC400CD068A /* TextLabel.xib */; };
		1608C9DA20C7D0E500CD068A /* TestLabel.m in Sources */ = {isa = PBXBuildFile; fileRef = 1608C9D920C7D0E500CD068A /* TestLabel.m */; };
		1608C9DC20C7E59900CD068A /* TestUIImageView.xib in Resources */ = {isa = PBXBuildFile; fileRef = 1608C9DB20C7E59900CD068A /* TestUIImageView.xib */; };
		1608C9DF20C7E5AE00CD068A /* TestImageView.m in Sources */ = {isa = PBXBuildFile; fileRef = 1608C9DE20C7E5AE00CD068A /* TestImageView.m */; };
		1608C9F320C7EEB500CD068A /* TestButton.xib in Resources */ = {isa = PBXBuildFile; fileRef = 1608C9F220C7EEB500CD068A /* TestButton.xib */; };
		1608C9F620C7EECE00CD068A /* TestButton.m in Sources */ = {isa = PBXBuildFile; fileRef = 1608C9F520C7EECE00CD068A /* TestButton.m */; };
		1608C9F920C7EF7B00CD068A /* TestControl.m in Sources */ = {isa = PBXBuildFile; fileRef = 1608C9F820C7EF7B00CD068A /* TestControl.m */; };
		1608C9FB20C7EF8A00CD068A /* TestControl.xib in Resources */ = {isa = PBXBuildFile; fileRef = 1608C9FA20C7EF8A00CD068A /* TestControl.xib */; };
		3DD1D713B6F7FFFBB2BE1DD7 /* libPods-TestXIB.a in Frameworks */ = {isa = PBXBuildFile; fileRef = C5E3FE7D2EB89B74E67962AA /* libPods-TestXIB.a */; };
		C0F2A0DF20AC76B30014ADAC /* AppDelegate.m in Sources */ = {isa = PBXBuildFile; fileRef = C0F2A0D520AC76B30014ADAC /* AppDelegate.m */; };
		C0F2A0E020AC76B30014ADAC /* Assets.xcassets in Resources */ = {isa = PBXBuildFile; fileRef = C0F2A0D620AC76B30014ADAC /* Assets.xcassets */; };
		C0F2A0E120AC76B30014ADAC /* LaunchScreen.storyboard in Resources */ = {isa = PBXBuildFile; fileRef = C0F2A0D720AC76B30014ADAC /* LaunchScreen.storyboard */; };
		C0F2A0E220AC76B30014ADAC /* Main.storyboard in Resources */ = {isa = PBXBuildFile; fileRef = C0F2A0D920AC76B30014ADAC /* Main.storyboard */; };
		C0F2A0E320AC76B30014ADAC /* Info.plist in Resources */ = {isa = PBXBuildFile; fileRef = C0F2A0DB20AC76B30014ADAC /* Info.plist */; };
		C0F2A0E420AC76B30014ADAC /* main.m in Sources */ = {isa = PBXBuildFile; fileRef = C0F2A0DC20AC76B30014ADAC /* main.m */; };
		C0F2A0E520AC76B30014ADAC /* ViewController.m in Sources */ = {isa = PBXBuildFile; fileRef = C0F2A0DE20AC76B30014ADAC /* ViewController.m */; };
		C0F2A0E720AC76C50014ADAC /* ViewA.xib in Resources */ = {isa = PBXBuildFile; fileRef = C0F2A0E620AC76C50014ADAC /* ViewA.xib */; };
		C0F2A0ED20B1998A0014ADAC /* ViewA.m in Sources */ = {isa = PBXBuildFile; fileRef = C0F2A0EC20B1998A0014ADAC /* ViewA.m */; };
/* End PBXBuildFile section */

/* Begin PBXFileReference section */
		039F92D26E8CF2B35FAA0748 /* Pods-TestXIB.debug.xcconfig */ = {isa = PBXFileReference; includeInIndex = 1; lastKnownFileType = text.xcconfig; name = "Pods-TestXIB.debug.xcconfig"; path = "Pods/Target Support Files/Pods-TestXIB/Pods-TestXIB.debug.xcconfig"; sourceTree = "<group>"; };
		1608C9CF20C7B13500CD068A /* TestView.xib */ = {isa = PBXFileReference; lastKnownFileType = file.xib; path = TestView.xib; sourceTree = "<group>"; };
		1608C9D320C7CA8800CD068A /* TestView.h */ = {isa = PBXFileReference; lastKnownFileType = sourcecode.c.h; path = TestView.h; sourceTree = "<group>"; };
		1608C9D420C7CA8800CD068A /* TestView.m */ = {isa = PBXFileReference; lastKnownFileType = sourcecode.c.objc; path = TestView.m; sourceTree = "<group>"; };
		1608C9D620C7CDC400CD068A /* TextLabel.xib */ = {isa = PBXFileReference; lastKnownFileType = file.xib; path = TextLabel.xib; sourceTree = "<group>"; };
		1608C9D820C7D0E500CD068A /* TestLabel.h */ = {isa = PBXFileReference; lastKnownFileType = sourcecode.c.h; path = TestLabel.h; sourceTree = "<group>"; };
		1608C9D920C7D0E500CD068A /* TestLabel.m */ = {isa = PBXFileReference; lastKnownFileType = sourcecode.c.objc; path = TestLabel.m; sourceTree = "<group>"; };
		1608C9DB20C7E59900CD068A /* TestUIImageView.xib */ = {isa = PBXFileReference; lastKnownFileType = file.xib; path = TestUIImageView.xib; sourceTree = "<group>"; };
		1608C9DD20C7E5AE00CD068A /* TestImageView.h */ = {isa = PBXFileReference; lastKnownFileType = sourcecode.c.h; path = TestImageView.h; sourceTree = "<group>"; };
		1608C9DE20C7E5AE00CD068A /* TestImageView.m */ = {isa = PBXFileReference; lastKnownFileType = sourcecode.c.objc; path = TestImageView.m; sourceTree = "<group>"; };
		1608C9F220C7EEB500CD068A /* TestButton.xib */ = {isa = PBXFileReference; lastKnownFileType = file.xib; path = TestButton.xib; sourceTree = "<group>"; };
		1608C9F420C7EECE00CD068A /* TestButton.h */ = {isa = PBXFileReference; lastKnownFileType = sourcecode.c.h; path = TestButton.h; sourceTree = "<group>"; };
		1608C9F520C7EECE00CD068A /* TestButton.m */ = {isa = PBXFileReference; lastKnownFileType = sourcecode.c.objc; path = TestButton.m; sourceTree = "<group>"; };
		1608C9F720C7EF7B00CD068A /* TestControl.h */ = {isa = PBXFileReference; lastKnownFileType = sourcecode.c.h; path = TestControl.h; sourceTree = "<group>"; };
		1608C9F820C7EF7B00CD068A /* TestControl.m */ = {isa = PBXFileReference; lastKnownFileType = sourcecode.c.objc; path = TestControl.m; sourceTree = "<group>"; };
		1608C9FA20C7EF8A00CD068A /* TestControl.xib */ = {isa = PBXFileReference; lastKnownFileType = file.xib; path = TestControl.xib; sourceTree = "<group>"; };
		504E6C57AD8FA5D8D3672030 /* Pods-TestXIB.release.xcconfig */ = {isa = PBXFileReference; includeInIndex = 1; lastKnownFileType = text.xcconfig; name = "Pods-TestXIB.release.xcconfig"; path = "Pods/Target Support Files/Pods-TestXIB/Pods-TestXIB.release.xcconfig"; sourceTree = "<group>"; };
		C0F2A096209EF2910014ADAC /* TestXIB.app */ = {isa = PBXFileReference; explicitFileType = wrapper.application; includeInIndex = 0; path = TestXIB.app; sourceTree = BUILT_PRODUCTS_DIR; };
		C0F2A0D420AC76B30014ADAC /* AppDelegate.h */ = {isa = PBXFileReference; fileEncoding = 4; lastKnownFileType = sourcecode.c.h; path = AppDelegate.h; sourceTree = "<group>"; };
		C0F2A0D520AC76B30014ADAC /* AppDelegate.m */ = {isa = PBXFileReference; fileEncoding = 4; lastKnownFileType = sourcecode.c.objc; path = AppDelegate.m; sourceTree = "<group>"; };
		C0F2A0D620AC76B30014ADAC /* Assets.xcassets */ = {isa = PBXFileReference; lastKnownFileType = folder.assetcatalog; path = Assets.xcassets; sourceTree = "<group>"; };
		C0F2A0D820AC76B30014ADAC /* Base */ = {isa = PBXFileReference; lastKnownFileType = file.storyboard; name = Base; path = Base.lproj/LaunchScreen.storyboard; sourceTree = "<group>"; };
		C0F2A0DA20AC76B30014ADAC /* Base */ = {isa = PBXFileReference; lastKnownFileType = file.storyboard; name = Base; path = Base.lproj/Main.storyboard; sourceTree = "<group>"; };
		C0F2A0DB20AC76B30014ADAC /* Info.plist */ = {isa = PBXFileReference; fileEncoding = 4; lastKnownFileType = text.plist.xml; path = Info.plist; sourceTree = "<group>"; };
		C0F2A0DC20AC76B30014ADAC /* main.m */ = {isa = PBXFileReference; fileEncoding = 4; lastKnownFileType = sourcecode.c.objc; path = main.m; sourceTree = "<group>"; };
		C0F2A0DD20AC76B30014ADAC /* ViewController.h */ = {isa = PBXFileReference; fileEncoding = 4; lastKnownFileType = sourcecode.c.h; path = ViewController.h; sourceTree = "<group>"; };
		C0F2A0DE20AC76B30014ADAC /* ViewController.m */ = {isa = PBXFileReference; fileEncoding = 4; lastKnownFileType = sourcecode.c.objc; path = ViewController.m; sourceTree = "<group>"; };
		C0F2A0E620AC76C50014ADAC /* ViewA.xib */ = {isa = PBXFileReference; lastKnownFileType = file.xib; path = ViewA.xib; sourceTree = "<group>"; };
		C0F2A0EB20B1998A0014ADAC /* ViewA.h */ = {isa = PBXFileReference; lastKnownFileType = sourcecode.c.h; path = ViewA.h; sourceTree = "<group>"; };
		C0F2A0EC20B1998A0014ADAC /* ViewA.m */ = {isa = PBXFileReference; lastKnownFileType = sourcecode.c.objc; path = ViewA.m; sourceTree = "<group>"; };
		C5E3FE7D2EB89B74E67962AA /* libPods-TestXIB.a */ = {isa = PBXFileReference; explicitFileType = archive.ar; includeInIndex = 0; path = "libPods-TestXIB.a"; sourceTree = BUILT_PRODUCTS_DIR; };
/* End PBXFileReference section */

/* Begin PBXFrameworksBuildPhase section */
		C0F2A093209EF2910014ADAC /* Frameworks */ = {
			isa = PBXFrameworksBuildPhase;
			buildActionMask = 2147483647;
			files = (
				3DD1D713B6F7FFFBB2BE1DD7 /* libPods-TestXIB.a in Frameworks */,
			);
			runOnlyForDeploymentPostprocessing = 0;
		};
/* End PBXFrameworksBuildPhase section */

/* Begin PBXGroup section */
		5A7614814349BE9CB836B9E3 /* Pods */ = {
			isa = PBXGroup;
			children = (
				039F92D26E8CF2B35FAA0748 /* Pods-TestXIB.debug.xcconfig */,
				504E6C57AD8FA5D8D3672030 /* Pods-TestXIB.release.xcconfig */,
			);
			name = Pods;
			sourceTree = "<group>";
		};
		93300C9260320A31FFED0717 /* Frameworks */ = {
			isa = PBXGroup;
			children = (
				C5E3FE7D2EB89B74E67962AA /* libPods-TestXIB.a */,
			);
			name = Frameworks;
			sourceTree = "<group>";
		};
		C0F2A08D209EF2910014ADAC = {
			isa = PBXGroup;
			children = (
				C0F2A0D320AC76B30014ADAC /* TestXIB */,
				C0F2A097209EF2910014ADAC /* Products */,
				5A7614814349BE9CB836B9E3 /* Pods */,
				93300C9260320A31FFED0717 /* Frameworks */,
			);
			sourceTree = "<group>";
		};
		C0F2A097209EF2910014ADAC /* Products */ = {
			isa = PBXGroup;
			children = (
				C0F2A096209EF2910014ADAC /* TestXIB.app */,
			);
			name = Products;
			sourceTree = "<group>";
		};
		C0F2A0D320AC76B30014ADAC /* TestXIB */ = {
			isa = PBXGroup;
			children = (
				C0F2A0D420AC76B30014ADAC /* AppDelegate.h */,
				C0F2A0D520AC76B30014ADAC /* AppDelegate.m */,
				C0F2A0D620AC76B30014ADAC /* Assets.xcassets */,
				C0F2A0D720AC76B30014ADAC /* LaunchScreen.storyboard */,
				C0F2A0D920AC76B30014ADAC /* Main.storyboard */,
				C0F2A0DB20AC76B30014ADAC /* Info.plist */,
				C0F2A0DC20AC76B30014ADAC /* main.m */,
				C0F2A0DD20AC76B30014ADAC /* ViewController.h */,
				C0F2A0DE20AC76B30014ADAC /* ViewController.m */,
				C0F2A0E620AC76C50014ADAC /* ViewA.xib */,
				C0F2A0EB20B1998A0014ADAC /* ViewA.h */,
				C0F2A0EC20B1998A0014ADAC /* ViewA.m */,
				1608C9CF20C7B13500CD068A /* TestView.xib */,
				1608C9D320C7CA8800CD068A /* TestView.h */,
				1608C9D420C7CA8800CD068A /* TestView.m */,
				1608C9D620C7CDC400CD068A /* TextLabel.xib */,
				1608C9D820C7D0E500CD068A /* TestLabel.h */,
				1608C9D920C7D0E500CD068A /* TestLabel.m */,
				1608C9DB20C7E59900CD068A /* TestUIImageView.xib */,
				1608C9DD20C7E5AE00CD068A /* TestImageView.h */,
				1608C9DE20C7E5AE00CD068A /* TestImageView.m */,
				1608C9F220C7EEB500CD068A /* TestButton.xib */,
				1608C9F420C7EECE00CD068A /* TestButton.h */,
				1608C9F520C7EECE00CD068A /* TestButton.m */,
				1608C9F720C7EF7B00CD068A /* TestControl.h */,
				1608C9F820C7EF7B00CD068A /* TestControl.m */,
				1608C9FA20C7EF8A00CD068A /* TestControl.xib */,
			);
			path = TestXIB;
			sourceTree = "<group>";
		};
/* End PBXGroup section */

/* Begin PBXNativeTarget section */
		C0F2A095209EF2910014ADAC /* TestXIB */ = {
			isa = PBXNativeTarget;
			buildConfigurationList = C0F2A0A8209EF2910014ADAC /* Build configuration list for PBXNativeTarget "TestXIB" */;
			buildPhases = (
				D2BDD5248C5999725EB22189 /* [CP] Check Pods Manifest.lock */,
				C0F2A092209EF2910014ADAC /* Sources */,
				C0F2A093209EF2910014ADAC /* Frameworks */,
				C0F2A094209EF2910014ADAC /* Resources */,
			);
			buildRules = (
			);
			dependencies = (
			);
			name = TestXIB;
			productName = TestXIB;
			productReference = C0F2A096209EF2910014ADAC /* TestXIB.app */;
			productType = "com.apple.product-type.application";
		};
/* End PBXNativeTarget section */

/* Begin PBXProject section */
		C0F2A08E209EF2910014ADAC /* Project object */ = {
			isa = PBXProject;
			attributes = {
				LastSwiftUpdateCheck = 0920;
				LastUpgradeCheck = 0920;
				ORGANIZATIONNAME = ZhangNan;
				TargetAttributes = {
					C0F2A095209EF2910014ADAC = {
						CreatedOnToolsVersion = 9.2;
						LastSwiftMigration = 0920;
						ProvisioningStyle = Automatic;
					};
				};
			};
			buildConfigurationList = C0F2A091209EF2910014ADAC /* Build configuration list for PBXProject "TestXIB" */;
			compatibilityVersion = "Xcode 8.0";
			developmentRegion = en;
			hasScannedForEncodings = 0;
			knownRegions = (
				en,
				Base,
			);
			mainGroup = C0F2A08D209EF2910014ADAC;
			productRefGroup = C0F2A097209EF2910014ADAC /* Products */;
			projectDirPath = "";
			projectRoot = "";
			targets = (
				C0F2A095209EF2910014ADAC /* TestXIB */,
			);
		};
/* End PBXProject section */

/* Begin PBXResourcesBuildPhase section */
		C0F2A094209EF2910014ADAC /* Resources */ = {
			isa = PBXResourcesBuildPhase;
			buildActionMask = 2147483647;
			files = (
				1608C9DC20C7E59900CD068A /* TestUIImageView.xib in Resources */,
				1608C9F320C7EEB500CD068A /* TestButton.xib in Resources */,
				1608C9D020C7B13500CD068A /* TestView.xib in Resources */,
				C0F2A0E320AC76B30014ADAC /* Info.plist in Resources */,
				1608C9D720C7CDC400CD068A /* TextLabel.xib in Resources */,
				C0F2A0E220AC76B30014ADAC /* Main.storyboard in Resources */,
				C0F2A0E020AC76B30014ADAC /* Assets.xcassets in Resources */,
				C0F2A0E720AC76C50014ADAC /* ViewA.xib in Resources */,
				C0F2A0E120AC76B30014ADAC /* LaunchScreen.storyboard in Resources */,
				1608C9FB20C7EF8A00CD068A /* TestControl.xib in Resources */,
			);
			runOnlyForDeploymentPostprocessing = 0;
		};
/* End PBXResourcesBuildPhase section */

/* Begin PBXShellScriptBuildPhase section */
		D2BDD5248C5999725EB22189 /* [CP] Check Pods Manifest.lock */ = {
			isa = PBXShellScriptBuildPhase;
			buildActionMask = 2147483647;
			files = (
			);
			inputPaths = (
				"${PODS_PODFILE_DIR_PATH}/Podfile.lock",
				"${PODS_ROOT}/Manifest.lock",
			);
			name = "[CP] Check Pods Manifest.lock";
			outputPaths = (
				"$(DERIVED_FILE_DIR)/Pods-TestXIB-checkManifestLockResult.txt",
			);
			runOnlyForDeploymentPostprocessing = 0;
			shellPath = /bin/sh;
			shellScript = "diff \"${PODS_PODFILE_DIR_PATH}/Podfile.lock\" \"${PODS_ROOT}/Manifest.lock\" > /dev/null\nif [ $? != 0 ] ; then\n    # print error to STDERR\n    echo \"error: The sandbox is not in sync with the Podfile.lock. Run 'pod install' or update your CocoaPods installation.\" >&2\n    exit 1\nfi\n# This output is used by Xcode 'outputs' to avoid re-running this script phase.\necho \"SUCCESS\" > \"${SCRIPT_OUTPUT_FILE_0}\"\n";
			showEnvVarsInLog = 0;
		};
/* End PBXShellScriptBuildPhase section */

/* Begin PBXSourcesBuildPhase section */
		C0F2A092209EF2910014ADAC /* Sources */ = {
			isa = PBXSourcesBuildPhase;
			buildActionMask = 2147483647;
			files = (
				1608C9DA20C7D0E500CD068A /* TestLabel.m in Sources */,
				C0F2A0E520AC76B30014ADAC /* ViewController.m in Sources */,
				C0F2A0E420AC76B30014ADAC /* main.m in Sources */,
				1608C9F620C7EECE00CD068A /* TestButton.m in Sources */,
				1608C9DF20C7E5AE00CD068A /* TestImageView.m in Sources */,
				1608C9F920C7EF7B00CD068A /* TestControl.m in Sources */,
				1608C9D520C7CA8800CD068A /* TestView.m in Sources */,
				C0F2A0ED20B1998A0014ADAC /* ViewA.m in Sources */,
				C0F2A0DF20AC76B30014ADAC /* AppDelegate.m in Sources */,
			);
			runOnlyForDeploymentPostprocessing = 0;
		};
/* End PBXSourcesBuildPhase section */

/* Begin PBXVariantGroup section */
		C0F2A0D720AC76B30014ADAC /* LaunchScreen.storyboard */ = {
			isa = PBXVariantGroup;
			children = (
				C0F2A0D820AC76B30014ADAC /* Base */,
			);
			name = LaunchScreen.storyboard;
			sourceTree = "<group>";
		};
		C0F2A0D920AC76B30014ADAC /* Main.storyboard */ = {
			isa = PBXVariantGroup;
			children = (
				C0F2A0DA20AC76B30014ADAC /* Base */,
			);
			name = Main.storyboard;
			sourceTree = "<group>";
		};
/* End PBXVariantGroup section */

/* Begin XCBuildConfiguration section */
		C0F2A0A6209EF2910014ADAC /* Debug */ = {
			isa = XCBuildConfiguration;
			buildSettings = {
				ALWAYS_SEARCH_USER_PATHS = NO;
				CLANG_ANALYZER_NONNULL = YES;
				CLANG_ANALYZER_NUMBER_OBJECT_CONVERSION = YES_AGGRESSIVE;
				CLANG_CXX_LANGUAGE_STANDARD = "gnu++14";
				CLANG_CXX_LIBRARY = "libc++";
				CLANG_ENABLE_MODULES = YES;
				CLANG_ENABLE_OBJC_ARC = YES;
				CLANG_WARN_BLOCK_CAPTURE_AUTORELEASING = YES;
				CLANG_WARN_BOOL_CONVERSION = YES;
				CLANG_WARN_COMMA = YES;
				CLANG_WARN_CONSTANT_CONVERSION = YES;
				CLANG_WARN_DIRECT_OBJC_ISA_USAGE = YES_ERROR;
				CLANG_WARN_DOCUMENTATION_COMMENTS = YES;
				CLANG_WARN_EMPTY_BODY = YES;
				CLANG_WARN_ENUM_CONVERSION = YES;
				CLANG_WARN_INFINITE_RECURSION = YES;
				CLANG_WARN_INT_CONVERSION = YES;
				CLANG_WARN_NON_LITERAL_NULL_CONVERSION = YES;
				CLANG_WARN_OBJC_LITERAL_CONVERSION = YES;
				CLANG_WARN_OBJC_ROOT_CLASS = YES_ERROR;
				CLANG_WARN_RANGE_LOOP_ANALYSIS = YES;
				CLANG_WARN_STRICT_PROTOTYPES = YES;
				CLANG_WARN_SUSPICIOUS_MOVE = YES;
				CLANG_WARN_UNGUARDED_AVAILABILITY = YES_AGGRESSIVE;
				CLANG_WARN_UNREACHABLE_CODE = YES;
				CLANG_WARN__DUPLICATE_METHOD_MATCH = YES;
				CODE_SIGN_IDENTITY = "iPhone Developer";
				COPY_PHASE_STRIP = NO;
				DEBUG_INFORMATION_FORMAT = dwarf;
				ENABLE_STRICT_OBJC_MSGSEND = YES;
				ENABLE_TESTABILITY = YES;
				GCC_C_LANGUAGE_STANDARD = gnu11;
				GCC_DYNAMIC_NO_PIC = NO;
				GCC_NO_COMMON_BLOCKS = YES;
				GCC_OPTIMIZATION_LEVEL = 0;
				GCC_PREPROCESSOR_DEFINITIONS = (
					"DEBUG=1",
					"$(inherited)",
				);
				GCC_WARN_64_TO_32_BIT_CONVERSION = YES;
				GCC_WARN_ABOUT_RETURN_TYPE = YES_ERROR;
				GCC_WARN_UNDECLARED_SELECTOR = YES;
				GCC_WARN_UNINITIALIZED_AUTOS = YES_AGGRESSIVE;
				GCC_WARN_UNUSED_FUNCTION = YES;
				GCC_WARN_UNUSED_VARIABLE = YES;
				IPHONEOS_DEPLOYMENT_TARGET = 11.2;
				MTL_ENABLE_DEBUG_INFO = YES;
				ONLY_ACTIVE_ARCH = YES;
				SDKROOT = iphoneos;
				SWIFT_ACTIVE_COMPILATION_CONDITIONS = DEBUG;
				SWIFT_OPTIMIZATION_LEVEL = "-Onone";
			};
			name = Debug;
		};
		C0F2A0A7209EF2910014ADAC /* Release */ = {
			isa = XCBuildConfiguration;
			buildSettings = {
				ALWAYS_SEARCH_USER_PATHS = NO;
				CLANG_ANALYZER_NONNULL = YES;
				CLANG_ANALYZER_NUMBER_OBJECT_CONVERSION = YES_AGGRESSIVE;
				CLANG_CXX_LANGUAGE_STANDARD = "gnu++14";
				CLANG_CXX_LIBRARY = "libc++";
				CLANG_ENABLE_MODULES = YES;
				CLANG_ENABLE_OBJC_ARC = YES;
				CLANG_WARN_BLOCK_CAPTURE_AUTORELEASING = YES;
				CLANG_WARN_BOOL_CONVERSION = YES;
				CLANG_WARN_COMMA = YES;
				CLANG_WARN_CONSTANT_CONVERSION = YES;
				CLANG_WARN_DIRECT_OBJC_ISA_USAGE = YES_ERROR;
				CLANG_WARN_DOCUMENTATION_COMMENTS = YES;
				CLANG_WARN_EMPTY_BODY = YES;
				CLANG_WARN_ENUM_CONVERSION = YES;
				CLANG_WARN_INFINITE_RECURSION = YES;
				CLANG_WARN_INT_CONVERSION = YES;
				CLANG_WARN_NON_LITERAL_NULL_CONVERSION = YES;
				CLANG_WARN_OBJC_LITERAL_CONVERSION = YES;
				CLANG_WARN_OBJC_ROOT_CLASS = YES_ERROR;
				CLANG_WARN_RANGE_LOOP_ANALYSIS = YES;
				CLANG_WARN_STRICT_PROTOTYPES = YES;
				CLANG_WARN_SUSPICIOUS_MOVE = YES;
				CLANG_WARN_UNGUARDED_AVAILABILITY = YES_AGGRESSIVE;
				CLANG_WARN_UNREACHABLE_CODE = YES;
				CLANG_WARN__DUPLICATE_METHOD_MATCH = YES;
				CODE_SIGN_IDENTITY = "iPhone Developer";
				COPY_PHASE_STRIP = NO;
				DEBUG_INFORMATION_FORMAT = "dwarf-with-dsym";
				ENABLE_NS_ASSERTIONS = NO;
				ENABLE_STRICT_OBJC_MSGSEND = YES;
				GCC_C_LANGUAGE_STANDARD = gnu11;
				GCC_NO_COMMON_BLOCKS = YES;
				GCC_WARN_64_TO_32_BIT_CONVERSION = YES;
				GCC_WARN_ABOUT_RETURN_TYPE = YES_ERROR;
				GCC_WARN_UNDECLARED_SELECTOR = YES;
				GCC_WARN_UNINITIALIZED_AUTOS = YES_AGGRESSIVE;
				GCC_WARN_UNUSED_FUNCTION = YES;
				GCC_WARN_UNUSED_VARIABLE = YES;
				IPHONEOS_DEPLOYMENT_TARGET = 11.2;
				MTL_ENABLE_DEBUG_INFO = NO;
				SDKROOT = iphoneos;
				SWIFT_OPTIMIZATION_LEVEL = "-Owholemodule";
				VALIDATE_PRODUCT = YES;
			};
			name = Release;
		};
		C0F2A0A9209EF2910014ADAC /* Debug */ = {
			isa = XCBuildConfiguration;
			baseConfigurationReference = 039F92D26E8CF2B35FAA0748 /* Pods-TestXIB.debug.xcconfig */;
			buildSettings = {
				ASSETCATALOG_COMPILER_APPICON_NAME = AppIcon;
				CLANG_ENABLE_MODULES = YES;
				CODE_SIGN_STYLE = Automatic;
				INFOPLIST_FILE = TestXIB/Info.plist;
				LD_RUNPATH_SEARCH_PATHS = "$(inherited) @executable_path/Frameworks";
				PRODUCT_BUNDLE_IDENTIFIER = com.zn.TestXIB;
				PRODUCT_NAME = "$(TARGET_NAME)";
				SWIFT_OBJC_BRIDGING_HEADER = "TestXIB/TestXIB-Bridging-Header.h";
				SWIFT_OPTIMIZATION_LEVEL = "-Onone";
				SWIFT_VERSION = 4.0;
				TARGETED_DEVICE_FAMILY = "1,2";
			};
			name = Debug;
		};
		C0F2A0AA209EF2910014ADAC /* Release */ = {
			isa = XCBuildConfiguration;
			baseConfigurationReference = 504E6C57AD8FA5D8D3672030 /* Pods-TestXIB.release.xcconfig */;
			buildSettings = {
				ASSETCATALOG_COMPILER_APPICON_NAME = AppIcon;
				CLANG_ENABLE_MODULES = YES;
				CODE_SIGN_STYLE = Automatic;
				INFOPLIST_FILE = TestXIB/Info.plist;
				LD_RUNPATH_SEARCH_PATHS = "$(inherited) @executable_path/Frameworks";
				PRODUCT_BUNDLE_IDENTIFIER = com.zn.TestXIB;
				PRODUCT_NAME = "$(TARGET_NAME)";
				SWIFT_OBJC_BRIDGING_HEADER = "TestXIB/TestXIB-Bridging-Header.h";
				SWIFT_VERSION = 4.0;
				TARGETED_DEVICE_FAMILY = "1,2";
			};
			name = Release;
		};
/* End XCBuildConfiguration section */

/* Begin XCConfigurationList section */
		C0F2A091209EF2910014ADAC /* Build configuration list for PBXProject "TestXIB" */ = {
			isa = XCConfigurationList;
			buildConfigurations = (
				C0F2A0A6209EF2910014ADAC /* Debug */,
				C0F2A0A7209EF2910014ADAC /* Release */,
			);
			defaultConfigurationIsVisible = 0;
			defaultConfigurationName = Release;
		};
		C0F2A0A8209EF2910014ADAC /* Build configuration list for PBXNativeTarget "TestXIB" */ = {
			isa = XCConfigurationList;
			buildConfigurations = (
				C0F2A0A9209EF2910014ADAC /* Debug */,
				C0F2A0AA209EF2910014ADAC /* Release */,
			);
			defaultConfigurationIsVisible = 0;
			defaultConfigurationName = Release;
		};
/* End XCConfigurationList section */
	};
	rootObject = C0F2A08E209EF2910014ADAC /* Project object */;
}
